
Microsoft Visual Studio Solution File, Format Version 12.00
# Visual Studio Version 17
VisualStudioVersion = 17.8.34330.188
MinimumVisualStudioVersion = 10.0.40219.1
Project("{FAE04EC0-301F-11D3-BF4B-00C04F79EFBC}") = "M_08_Hotel", "M_08_Hotel\M_08_Hotel.csproj", "{6DE5637B-E523-47D5-AE26-C319BDAF27B0}"
EndProject
Global
	GlobalSection(SolutionConfigurationPlatforms) = preSolution
		Debug|Any CPU = Debug|Any CPU
		Release|Any CPU = Release|Any CPU
	EndGlobalSection
	GlobalSection(ProjectConfigurationPlatforms) = postSolution
		{6DE5637B-E523-47D5-AE26-C319BDAF27B0}.Debug|Any CPU.ActiveCfg = Debug|Any CPU
		{6DE5637B-E523-47D5-AE26-C319BDAF27B0}.Debug|Any CPU.Build.0 = Debug|Any CPU
		{6DE5637B-E523-47D5-AE26-C319BDAF27B0}.Release|Any CPU.ActiveCfg = Release|Any CPU
		{6DE5637B-E523-47D5-AE26-C319BDAF27B0}.Release|Any CPU.Build.0 = Release|Any CPU
	EndGlobalSection
	GlobalSection(SolutionProperties) = preSolution
		HideSolutionNode = FALSE
	EndGlobalSection
	GlobalSection(ExtensibilityGlobals) = postSolution
		SolutionGuid = {4C920D58-5687-44F5-A111-53E5EBF9C676}
	EndGlobalSection
EndGlobal
